{
  "name": "trustability.js",
  "version": "0.0.0",
  "lockfileVersion": 1,
  "requires": true,
  "dependencies": {
    "@dagrejs/graphlib": {
      "version": "2.1.4",
      "resolved": "https://registry.npmjs.org/@dagrejs/graphlib/-/graphlib-2.1.4.tgz",
      "integrity": "sha512-QCg9sL4uhjn468FDEsb/S9hS2xUZSrv/+dApb1Ze5VKO96pTXKNJZ6MGhIpgWkc1TVhbVGH9/7rq/Mf8/jWicw==",
      "requires": {
        "lodash": "^4.11.1"
      }
    },
    "lodash": {
      "version": "4.17.11",
      "resolved": "https://registry.npmjs.org/lodash/-/lodash-4.17.11.tgz",
      "integrity": "sha512-cQKh8igo5QUhZ7lg38DYWAxMvjSAKG0A8wGSVimP07SIUEK2UO+arSRKbRZWtelMtN5V0Hkwh5ryOto/SshYIg=="
    },
    "underscore": {
      "version": "1.9.1",
      "resolved": "https://registry.npmjs.org/underscore/-/underscore-1.9.1.tgz",
      "integrity": "sha512-5/4etnCkd9c8gwgowi5/om/mYO5ajCaOgdzj/oW+0eQV9WxKBDZw5+ycmKmeaTXjInS/W0BzpGLo2xR2aBwZdg=="
    }
  }
}
